
Microsoft Visual Studio Solution File, Format Version 12.00
# Visual Studio Version 16
VisualStudioVersion = 16.0.30204.135
MinimumVisualStudioVersion = 10.0.40219.1
Project("{FAE04EC0-301F-11D3-BF4B-00C04F79EFBC}") = "ААААААА", "ААААААА\ААААААА.csproj", "{483F53CF-BB20-408E-9B07-ECF46A3A7DDE}"
EndProject
Global
	GlobalSection(SolutionConfigurationPlatforms) = preSolution
		Debug|Any CPU = Debug|Any CPU
		Release|Any CPU = Release|Any CPU
	EndGlobalSection
	GlobalSection(ProjectConfigurationPlatforms) = postSolution
		{483F53CF-BB20-408E-9B07-ECF46A3A7DDE}.Debug|Any CPU.ActiveCfg = Debug|Any CPU
		{483F53CF-BB20-408E-9B07-ECF46A3A7DDE}.Debug|Any CPU.Build.0 = Debug|Any CPU
		{483F53CF-BB20-408E-9B07-ECF46A3A7DDE}.Release|Any CPU.ActiveCfg = Release|Any CPU
		{483F53CF-BB20-408E-9B07-ECF46A3A7DDE}.Release|Any CPU.Build.0 = Release|Any CPU
	EndGlobalSection
	GlobalSection(SolutionProperties) = preSolution
		HideSolutionNode = FALSE
	EndGlobalSection
	GlobalSection(ExtensibilityGlobals) = postSolution
		SolutionGuid = {AC6CE58E-DA54-4961-8F8A-8E6DB3D992AB}
	EndGlobalSection
EndGlobal
